
Microsoft Visual Studio Solution File, Format Version 12.00
# Visual Studio Version 17
VisualStudioVersion = 17.10.35122.118
MinimumVisualStudioVersion = 10.0.40219.1
Project("{9A19103F-16F7-4668-BE54-9A1E7A4F7556}") = "PetShop", "PetShop\PetShop.csproj", "{80B4B9C5-2621-4CDD-9DEC-9A4764E1C845}"
EndProject
Project("{9A19103F-16F7-4668-BE54-9A1E7A4F7556}") = "PetShop.Tests", "tests\PetShop.Tests\PetShop.Tests.csproj", "{5116D839-BEE2-47D2-ABED-42EB705DA66C}"
EndProject
Global
	GlobalSection(SolutionConfigurationPlatforms) = preSolution
		Debug|Any CPU = Debug|Any CPU
		Release|Any CPU = Release|Any CPU
	EndGlobalSection
	GlobalSection(ProjectConfigurationPlatforms) = postSolution
		{80B4B9C5-2621-4CDD-9DEC-9A4764E1C845}.Debug|Any CPU.ActiveCfg = Debug|Any CPU
		{80B4B9C5-2621-4CDD-9DEC-9A4764E1C845}.Debug|Any CPU.Build.0 = Debug|Any CPU
		{80B4B9C5-2621-4CDD-9DEC-9A4764E1C845}.Release|Any CPU.ActiveCfg = Release|Any CPU
		{80B4B9C5-2621-4CDD-9DEC-9A4764E1C845}.Release|Any CPU.Build.0 = Release|Any CPU
		{5116D839-BEE2-47D2-ABED-42EB705DA66C}.Debug|Any CPU.ActiveCfg = Debug|Any CPU
		{5116D839-BEE2-47D2-ABED-42EB705DA66C}.Debug|Any CPU.Build.0 = Debug|Any CPU
		{5116D839-BEE2-47D2-ABED-42EB705DA66C}.Release|Any CPU.ActiveCfg = Release|Any CPU
		{5116D839-BEE2-47D2-ABED-42EB705DA66C}.Release|Any CPU.Build.0 = Release|Any CPU
	EndGlobalSection
	GlobalSection(SolutionProperties) = preSolution
		HideSolutionNode = FALSE
	EndGlobalSection
	GlobalSection(ExtensibilityGlobals) = postSolution
		SolutionGuid = {3233DEC3-7676-4803-96DF-5AF547F9D4A6}
	EndGlobalSection
EndGlobal
